{
  "name": "simple",
  "version": "1.0.0",
  "lockfileVersion": 2,
  "requires": true,
  "packages": {
    "": {
      "name": "simple",
      "version": "1.0.0",
      "dependencies": {
        "@econify/moonshine-css": "file:../.."
      }
    },
    "../..": {
      "name": "@econify/moonshine-css",
      "version": "0.1.0",
      "license": "MIT",
      "bin": {
        "atomic-styles": "bin/atomic-styles"
      },
      "devDependencies": {
        "@rollup/plugin-commonjs": "^22.0.0",
        "@rollup/plugin-json": "^4.1.0",
        "@rollup/plugin-node-resolve": "^13.3.0",
        "@rollup/plugin-typescript": "^8.3.2",
        "@types/cssom": "^0.4.1",
        "css-validator": "^0.11.0",
        "cssom": "^0.5.0",
        "esm": "^3.2.25",
        "rollup-plugin-license": "^2.7.0",
        "rollup-plugin-peer-deps-external": "^2.2.4",
        "rollup-plugin-typescript-paths": "^1.3.1",
        "ts-morph": "^14.0.0",
        "ttypescript": "^1.5.13",
        "typescript": "^4.6.4",
        "vite": "^2.9.9",
        "vitest": "^0.12.6"
      },
      "peerDependencies": {
        "react": ">=17",
        "react-dom": ">=17"
      }
    },
    "node_modules/@econify/moonshine-css": {
      "resolved": "../..",
      "link": true
    }
  },
  "dependencies": {
    "@econify/moonshine-css": {
      "version": "file:../..",
      "requires": {
        "@rollup/plugin-commonjs": "^22.0.0",
        "@rollup/plugin-json": "^4.1.0",
        "@rollup/plugin-node-resolve": "^13.3.0",
        "@rollup/plugin-typescript": "^8.3.2",
        "@types/cssom": "^0.4.1",
        "css-validator": "^0.11.0",
        "cssom": "^0.5.0",
        "esm": "^3.2.25",
        "rollup-plugin-license": "^2.7.0",
        "rollup-plugin-peer-deps-external": "^2.2.4",
        "rollup-plugin-typescript-paths": "^1.3.1",
        "ts-morph": "^14.0.0",
        "ttypescript": "^1.5.13",
        "typescript": "^4.6.4",
        "vite": "^2.9.9",
        "vitest": "^0.12.6"
      }
    }
  }
}
